// !$*UTF8*$!
{
	archiveVersion = 1;
	classes = {
	};
	objectVersion = 56;
	objects = {

/* Begin PBXBuildFile section */
		304A50E42B7604C400C12186 /* AppDelegate.swift in Sources */ = {isa = PBXBuildFile; fileRef = 304A50E32B7604C400C12186 /* AppDelegate.swift */; };
		304A50E62B7604C400C12186 /* SceneDelegate.swift in Sources */ = {isa = PBXBuildFile; fileRef = 304A50E52B7604C400C12186 /* SceneDelegate.swift */; };
		304A50E82B7604C400C12186 /* LoginViewController.swift in Sources */ = {isa = PBXBuildFile; fileRef = 304A50E72B7604C400C12186 /* LoginViewController.swift */; };
		304A50EB2B7604C400C12186 /* Main.storyboard in Resources */ = {isa = PBXBuildFile; fileRef = 304A50E92B7604C400C12186 /* Main.storyboard */; };
		304A50EE2B7604C400C12186 /* StudyPolygon.xcdatamodeld in Sources */ = {isa = PBXBuildFile; fileRef = 304A50EC2B7604C400C12186 /* StudyPolygon.xcdatamodeld */; };
		304A50F02B7604C700C12186 /* Assets.xcassets in Resources */ = {isa = PBXBuildFile; fileRef = 304A50EF2B7604C700C12186 /* Assets.xcassets */; };
		304A50F32B7604C700C12186 /* LaunchScreen.storyboard in Resources */ = {isa = PBXBuildFile; fileRef = 304A50F12B7604C700C12186 /* LaunchScreen.storyboard */; };
		304A50FE2B7604C700C12186 /* StudyPolygonTests.swift in Sources */ = {isa = PBXBuildFile; fileRef = 304A50FD2B7604C700C12186 /* StudyPolygonTests.swift */; };
		304A51082B7604C700C12186 /* StudyPolygonUITests.swift in Sources */ = {isa = PBXBuildFile; fileRef = 304A51072B7604C700C12186 /* StudyPolygonUITests.swift */; };
		304A510A2B7604C700C12186 /* StudyPolygonUITestsLaunchTests.swift in Sources */ = {isa = PBXBuildFile; fileRef = 304A51092B7604C700C12186 /* StudyPolygonUITestsLaunchTests.swift */; };
/* End PBXBuildFile section */

/* Begin PBXContainerItemProxy section */
		304A50FA2B7604C700C12186 /* PBXContainerItemProxy */ = {
			isa = PBXContainerItemProxy;
			containerPortal = 304A50D82B7604C400C12186 /* Project object */;
			proxyType = 1;
			remoteGlobalIDString = 304A50DF2B7604C400C12186;
			remoteInfo = StudyPolygon;
		};
		304A51042B7604C700C12186 /* PBXContainerItemProxy */ = {
			isa = PBXContainerItemProxy;
			containerPortal = 304A50D82B7604C400C12186 /* Project object */;
			proxyType = 1;
			remoteGlobalIDString = 304A50DF2B7604C400C12186;
			remoteInfo = StudyPolygon;
		};
/* End PBXContainerItemProxy section */

/* Begin PBXFileReference section */
		304A50E02B7604C400C12186 /* StudyPolygon.app */ = {isa = PBXFileReference; explicitFileType = wrapper.application; includeInIndex = 0; path = StudyPolygon.app; sourceTree = BUILT_PRODUCTS_DIR; };
		304A50E32B7604C400C12186 /* AppDelegate.swift */ = {isa = PBXFileReference; lastKnownFileType = sourcecode.swift; path = AppDelegate.swift; sourceTree = "<group>"; };
		304A50E52B7604C400C12186 /* SceneDelegate.swift */ = {isa = PBXFileReference; lastKnownFileType = sourcecode.swift; path = SceneDelegate.swift; sourceTree = "<group>"; };
		304A50E72B7604C400C12186 /* LoginViewController.swift */ = {isa = PBXFileReference; lastKnownFileType = sourcecode.swift; path = LoginViewController.swift; sourceTree = "<group>"; };
		304A50EA2B7604C400C12186 /* Base */ = {isa = PBXFileReference; lastKnownFileType = file.storyboard; name = Base; path = Base.lproj/Main.storyboard; sourceTree = "<group>"; };
		304A50ED2B7604C400C12186 /* StudyPolygon.xcdatamodel */ = {isa = PBXFileReference; lastKnownFileType = wrapper.xcdatamodel; path = StudyPolygon.xcdatamodel; sourceTree = "<group>"; };
		304A50EF2B7604C700C12186 /* Assets.xcassets */ = {isa = PBXFileReference; lastKnownFileType = folder.assetcatalog; path = Assets.xcassets; sourceTree = "<group>"; };
		304A50F22B7604C700C12186 /* Base */ = {isa = PBXFileReference; lastKnownFileType = file.storyboard; name = Base; path = Base.lproj/LaunchScreen.storyboard; sourceTree = "<group>"; };
		304A50F42B7604C700C12186 /* Info.plist */ = {isa = PBXFileReference; lastKnownFileType = text.plist.xml; path = Info.plist; sourceTree = "<group>"; };
		304A50F92B7604C700C12186 /* StudyPolygonTests.xctest */ = {isa = PBXFileReference; explicitFileType = wrapper.cfbundle; includeInIndex = 0; path = StudyPolygonTests.xctest; sourceTree = BUILT_PRODUCTS_DIR; };
		304A50FD2B7604C700C12186 /* StudyPolygonTests.swift */ = {isa = PBXFileReference; lastKnownFileType = sourcecode.swift; path = StudyPolygonTests.swift; sourceTree = "<group>"; };
		304A51032B7604C700C12186 /* StudyPolygonUITests.xctest */ = {isa = PBXFileReference; explicitFileType = wrapper.cfbundle; includeInIndex = 0; path = StudyPolygonUITests.xctest; sourceTree = BUILT_PRODUCTS_DIR; };
		304A51072B7604C700C12186 /* StudyPolygonUITests.swift */ = {isa = PBXFileReference; lastKnownFileType = sourcecode.swift; path = StudyPolygonUITests.swift; sourceTree = "<group>"; };
		304A51092B7604C700C12186 /* StudyPolygonUITestsLaunchTests.swift */ = {isa = PBXFileReference; lastKnownFileType = sourcecode.swift; path = StudyPolygonUITestsLaunchTests.swift; sourceTree = "<group>"; };
/* End PBXFileReference section */

/* Begin PBXFrameworksBuildPhase section */
		304A50DD2B7604C400C12186 /* Frameworks */ = {
			isa = PBXFrameworksBuildPhase;
			buildActionMask = 2147483647;
			files = (
			);
			runOnlyForDeploymentPostprocessing = 0;
		};
		304A50F62B7604C700C12186 /* Frameworks */ = {
			isa = PBXFrameworksBuildPhase;
			buildActionMask = 2147483647;
			files = (
			);
			runOnlyForDeploymentPostprocessing = 0;
		};
		304A51002B7604C700C12186 /* Frameworks */ = {
			isa = PBXFrameworksBuildPhase;
			buildActionMask = 2147483647;
			files = (
			);
			runOnlyForDeploymentPostprocessing = 0;
		};
/* End PBXFrameworksBuildPhase section */

/* Begin PBXGroup section */
		304A50D72B7604C400C12186 = {
			isa = PBXGroup;
			children = (
				304A50E22B7604C400C12186 /* StudyPolygon */,
				304A50FC2B7604C700C12186 /* StudyPolygonTests */,
				304A51062B7604C700C12186 /* StudyPolygonUITests */,
				304A50E12B7604C400C12186 /* Products */,
			);
			sourceTree = "<group>";
		};
		304A50E12B7604C400C12186 /* Products */ = {
			isa = PBXGroup;
			children = (
				304A50E02B7604C400C12186 /* StudyPolygon.app */,
				304A50F92B7604C700C12186 /* StudyPolygonTests.xctest */,
				304A51032B7604C700C12186 /* StudyPolygonUITests.xctest */,
			);
			name = Products;
			sourceTree = "<group>";
		};
		304A50E22B7604C400C12186 /* StudyPolygon */ = {
			isa = PBXGroup;
			children = (
				304A50E32B7604C400C12186 /* AppDelegate.swift */,
				304A50E52B7604C400C12186 /* SceneDelegate.swift */,
				304A50E72B7604C400C12186 /* LoginViewController.swift */,
				304A50E92B7604C400C12186 /* Main.storyboard */,
				304A50EF2B7604C700C12186 /* Assets.xcassets */,
				304A50F12B7604C700C12186 /* LaunchScreen.storyboard */,
				304A50F42B7604C700C12186 /* Info.plist */,
				304A50EC2B7604C400C12186 /* StudyPolygon.xcdatamodeld */,
			);
			path = StudyPolygon;
			sourceTree = "<group>";
		};
		304A50FC2B7604C700C12186 /* StudyPolygonTests */ = {
			isa = PBXGroup;
			children = (
				304A50FD2B7604C700C12186 /* StudyPolygonTests.swift */,
			);
			path = StudyPolygonTests;
			sourceTree = "<group>";
		};
		304A51062B7604C700C12186 /* StudyPolygonUITests */ = {
			isa = PBXGroup;
			children = (
				304A51072B7604C700C12186 /* StudyPolygonUITests.swift */,
				304A51092B7604C700C12186 /* StudyPolygonUITestsLaunchTests.swift */,
			);
			path = StudyPolygonUITests;
			sourceTree = "<group>";
		};
/* End PBXGroup section */

/* Begin PBXNativeTarget section */
		304A50DF2B7604C400C12186 /* StudyPolygon */ = {
			isa = PBXNativeTarget;
			buildConfigurationList = 304A510D2B7604C700C12186 /* Build configuration list for PBXNativeTarget "StudyPolygon" */;
			buildPhases = (
				304A50DC2B7604C400C12186 /* Sources */,
				304A50DD2B7604C400C12186 /* Frameworks */,
				304A50DE2B7604C400C12186 /* Resources */,
			);
			buildRules = (
			);
			dependencies = (
			);
			name = StudyPolygon;
			productName = StudyPolygon;
			productReference = 304A50E02B7604C400C12186 /* StudyPolygon.app */;
			productType = "com.apple.product-type.application";
		};
		304A50F82B7604C700C12186 /* StudyPolygonTests */ = {
			isa = PBXNativeTarget;
			buildConfigurationList = 304A51102B7604C700C12186 /* Build configuration list for PBXNativeTarget "StudyPolygonTests" */;
			buildPhases = (
				304A50F52B7604C700C12186 /* Sources */,
				304A50F62B7604C700C12186 /* Frameworks */,
				304A50F72B7604C700C12186 /* Resources */,
			);
			buildRules = (
			);
			dependencies = (
				304A50FB2B7604C700C12186 /* PBXTargetDependency */,
			);
			name = StudyPolygonTests;
			productName = StudyPolygonTests;
			productReference = 304A50F92B7604C700C12186 /* StudyPolygonTests.xctest */;
			productType = "com.apple.product-type.bundle.unit-test";
		};
		304A51022B7604C700C12186 /* StudyPolygonUITests */ = {
			isa = PBXNativeTarget;
			buildConfigurationList = 304A51132B7604C700C12186 /* Build configuration list for PBXNativeTarget "StudyPolygonUITests" */;
			buildPhases = (
				304A50FF2B7604C700C12186 /* Sources */,
				304A51002B7604C700C12186 /* Frameworks */,
				304A51012B7604C700C12186 /* Resources */,
			);
			buildRules = (
			);
			dependencies = (
				304A51052B7604C700C12186 /* PBXTargetDependency */,
			);
			name = StudyPolygonUITests;
			productName = StudyPolygonUITests;
			productReference = 304A51032B7604C700C12186 /* StudyPolygonUITests.xctest */;
			productType = "com.apple.product-type.bundle.ui-testing";
		};
/* End PBXNativeTarget section */

/* Begin PBXProject section */
		304A50D82B7604C400C12186 /* Project object */ = {
			isa = PBXProject;
			attributes = {
				BuildIndependentTargetsInParallel = 1;
				LastSwiftUpdateCheck = 1520;
				LastUpgradeCheck = 1520;
				TargetAttributes = {
					304A50DF2B7604C400C12186 = {
						CreatedOnToolsVersion = 15.2;
					};
					304A50F82B7604C700C12186 = {
						CreatedOnToolsVersion = 15.2;
						TestTargetID = 304A50DF2B7604C400C12186;
					};
					304A51022B7604C700C12186 = {
						CreatedOnToolsVersion = 15.2;
						TestTargetID = 304A50DF2B7604C400C12186;
					};
				};
			};
			buildConfigurationList = 304A50DB2B7604C400C12186 /* Build configuration list for PBXProject "StudyPolygon" */;
			compatibilityVersion = "Xcode 14.0";
			developmentRegion = en;
			hasScannedForEncodings = 0;
			knownRegions = (
				en,
				Base,
			);
			mainGroup = 304A50D72B7604C400C12186;
			productRefGroup = 304A50E12B7604C400C12186 /* Products */;
			projectDirPath = "";
			projectRoot = "";
			targets = (
				304A50DF2B7604C400C12186 /* StudyPolygon */,
				304A50F82B7604C700C12186 /* StudyPolygonTests */,
				304A51022B7604C700C12186 /* StudyPolygonUITests */,
			);
		};
/* End PBXProject section */

/* Begin PBXResourcesBuildPhase section */
		304A50DE2B7604C400C12186 /* Resources */ = {
			isa = PBXResourcesBuildPhase;
			buildActionMask = 2147483647;
			files = (
				304A50F32B7604C700C12186 /* LaunchScreen.storyboard in Resources */,
				304A50F02B7604C700C12186 /* Assets.xcassets in Resources */,
				304A50EB2B7604C400C12186 /* Main.storyboard in Resources */,
			);
			runOnlyForDeploymentPostprocessing = 0;
		};
		304A50F72B7604C700C12186 /* Resources */ = {
			isa = PBXResourcesBuildPhase;
			buildActionMask = 2147483647;
			files = (
			);
			runOnlyForDeploymentPostprocessing = 0;
		};
		304A51012B7604C700C12186 /* Resources */ = {
			isa = PBXResourcesBuildPhase;
			buildActionMask = 2147483647;
			files = (
			);
			runOnlyForDeploymentPostprocessing = 0;
		};
/* End PBXResourcesBuildPhase section */

/* Begin PBXSourcesBuildPhase section */
		304A50DC2B7604C400C12186 /* Sources */ = {
			isa = PBXSourcesBuildPhase;
			buildActionMask = 2147483647;
			files = (
				304A50E82B7604C400C12186 /* LoginViewController.swift in Sources */,
				304A50E42B7604C400C12186 /* AppDelegate.swift in Sources */,
				304A50EE2B7604C400C12186 /* StudyPolygon.xcdatamodeld in Sources */,
				304A50E62B7604C400C12186 /* SceneDelegate.swift in Sources */,
			);
			runOnlyForDeploymentPostprocessing = 0;
		};
		304A50F52B7604C700C12186 /* Sources */ = {
			isa = PBXSourcesBuildPhase;
			buildActionMask = 2147483647;
			files = (
				304A50FE2B7604C700C12186 /* StudyPolygonTests.swift in Sources */,
			);
			runOnlyForDeploymentPostprocessing = 0;
		};
		304A50FF2B7604C700C12186 /* Sources */ = {
			isa = PBXSourcesBuildPhase;
			buildActionMask = 2147483647;
			files = (
				304A51082B7604C700C12186 /* StudyPolygonUITests.swift in Sources */,
				304A510A2B7604C700C12186 /* StudyPolygonUITestsLaunchTests.swift in Sources */,
			);
			runOnlyForDeploymentPostprocessing = 0;
		};
/* End PBXSourcesBuildPhase section */

/* Begin PBXTargetDependency section */
		304A50FB2B7604C700C12186 /* PBXTargetDependency */ = {
			isa = PBXTargetDependency;
			target = 304A50DF2B7604C400C12186 /* StudyPolygon */;
			targetProxy = 304A50FA2B7604C700C12186 /* PBXContainerItemProxy */;
		};
		304A51052B7604C700C12186 /* PBXTargetDependency */ = {
			isa = PBXTargetDependency;
			target = 304A50DF2B7604C400C12186 /* StudyPolygon */;
			targetProxy = 304A51042B7604C700C12186 /* PBXContainerItemProxy */;
		};
/* End PBXTargetDependency section */

/* Begin PBXVariantGroup section */
		304A50E92B7604C400C12186 /* Main.storyboard */ = {
			isa = PBXVariantGroup;
			children = (
				304A50EA2B7604C400C12186 /* Base */,
			);
			name = Main.storyboard;
			sourceTree = "<group>";
		};
		304A50F12B7604C700C12186 /* LaunchScreen.storyboard */ = {
			isa = PBXVariantGroup;
			children = (
				304A50F22B7604C700C12186 /* Base */,
			);
			name = LaunchScreen.storyboard;
			sourceTree = "<group>";
		};
/* End PBXVariantGroup section */

/* Begin XCBuildConfiguration section */
		304A510B2B7604C700C12186 /* Debug */ = {
			isa = XCBuildConfiguration;
			buildSettings = {
				ALWAYS_SEARCH_USER_PATHS = NO;
				ASSETCATALOG_COMPILER_GENERATE_SWIFT_ASSET_SYMBOL_EXTENSIONS = YES;
				CLANG_ANALYZER_NONNULL = YES;
				CLANG_ANALYZER_NUMBER_OBJECT_CONVERSION = YES_AGGRESSIVE;
				CLANG_CXX_LANGUAGE_STANDARD = "gnu++20";
				CLANG_ENABLE_MODULES = YES;
				CLANG_ENABLE_OBJC_ARC = YES;
				CLANG_ENABLE_OBJC_WEAK = YES;
				CLANG_WARN_BLOCK_CAPTURE_AUTORELEASING = YES;
				CLANG_WARN_BOOL_CONVERSION = YES;
				CLANG_WARN_COMMA = YES;
				CLANG_WARN_CONSTANT_CONVERSION = YES;
				CLANG_WARN_DEPRECATED_OBJC_IMPLEMENTATIONS = YES;
				CLANG_WARN_DIRECT_OBJC_ISA_USAGE = YES_ERROR;
				CLANG_WARN_DOCUMENTATION_COMMENTS = YES;
				CLANG_WARN_EMPTY_BODY = YES;
				CLANG_WARN_ENUM_CONVERSION = YES;
				CLANG_WARN_INFINITE_RECURSION = YES;
				CLANG_WARN_INT_CONVERSION = YES;
				CLANG_WARN_NON_LITERAL_NULL_CONVERSION = YES;
				CLANG_WARN_OBJC_IMPLICIT_RETAIN_SELF = YES;
				CLANG_WARN_OBJC_LITERAL_CONVERSION = YES;
				CLANG_WARN_OBJC_ROOT_CLASS = YES_ERROR;
				CLANG_WARN_QUOTED_INCLUDE_IN_FRAMEWORK_HEADER = YES;
				CLANG_WARN_RANGE_LOOP_ANALYSIS = YES;
				CLANG_WARN_STRICT_PROTOTYPES = YES;
				CLANG_WARN_SUSPICIOUS_MOVE = YES;
				CLANG_WARN_UNGUARDED_AVAILABILITY = YES_AGGRESSIVE;
				CLANG_WARN_UNREACHABLE_CODE = YES;
				CLANG_WARN__DUPLICATE_METHOD_MATCH = YES;
				COPY_PHASE_STRIP = NO;
				DEBUG_INFORMATION_FORMAT = dwarf;
				ENABLE_STRICT_OBJC_MSGSEND = YES;
				ENABLE_TESTABILITY = YES;
				ENABLE_USER_SCRIPT_SANDBOXING = YES;
				GCC_C_LANGUAGE_STANDARD = gnu17;
				GCC_DYNAMIC_NO_PIC = NO;
				GCC_NO_COMMON_BLOCKS = YES;
				GCC_OPTIMIZATION_LEVEL = 0;
				GCC_PREPROCESSOR_DEFINITIONS = (
					"DEBUG=1",
					"$(inherited)",
				);
				GCC_WARN_64_TO_32_BIT_CONVERSION = YES;
				GCC_WARN_ABOUT_RETURN_TYPE = YES_ERROR;
				GCC_WARN_UNDECLARED_SELECTOR = YES;
				GCC_WARN_UNINITIALIZED_AUTOS = YES_AGGRESSIVE;
				GCC_WARN_UNUSED_FUNCTION = YES;
				GCC_WARN_UNUSED_VARIABLE = YES;
				IPHONEOS_DEPLOYMENT_TARGET = 17.2;
				LOCALIZATION_PREFERS_STRING_CATALOGS = YES;
				MTL_ENABLE_DEBUG_INFO = INCLUDE_SOURCE;
				MTL_FAST_MATH = YES;
				ONLY_ACTIVE_ARCH = YES;
				SDKROOT = iphoneos;
				SWIFT_ACTIVE_COMPILATION_CONDITIONS = "DEBUG $(inherited)";
				SWIFT_OPTIMIZATION_LEVEL = "-Onone";
			};
			name = Debug;
		};
		304A510C2B7604C700C12186 /* Release */ = {
			isa = XCBuildConfiguration;
			buildSettings = {
				ALWAYS_SEARCH_USER_PATHS = NO;
				ASSETCATALOG_COMPILER_GENERATE_SWIFT_ASSET_SYMBOL_EXTENSIONS = YES;
				CLANG_ANALYZER_NONNULL = YES;
				CLANG_ANALYZER_NUMBER_OBJECT_CONVERSION = YES_AGGRESSIVE;
				CLANG_CXX_LANGUAGE_STANDARD = "gnu++20";
				CLANG_ENABLE_MODULES = YES;
				CLANG_ENABLE_OBJC_ARC = YES;
				CLANG_ENABLE_OBJC_WEAK = YES;
				CLANG_WARN_BLOCK_CAPTURE_AUTORELEASING = YES;
				CLANG_WARN_BOOL_CONVERSION = YES;
				CLANG_WARN_COMMA = YES;
				CLANG_WARN_CONSTANT_CONVERSION = YES;
				CLANG_WARN_DEPRECATED_OBJC_IMPLEMENTATIONS = YES;
				CLANG_WARN_DIRECT_OBJC_ISA_USAGE = YES_ERROR;
				CLANG_WARN_DOCUMENTATION_COMMENTS = YES;
				CLANG_WARN_EMPTY_BODY = YES;
				CLANG_WARN_ENUM_CONVERSION = YES;
				CLANG_WARN_INFINITE_RECURSION = YES;
				CLANG_WARN_INT_CONVERSION = YES;
				CLANG_WARN_NON_LITERAL_NULL_CONVERSION = YES;
				CLANG_WARN_OBJC_IMPLICIT_RETAIN_SELF = YES;
				CLANG_WARN_OBJC_LITERAL_CONVERSION = YES;
				CLANG_WARN_OBJC_ROOT_CLASS = YES_ERROR;
				CLANG_WARN_QUOTED_INCLUDE_IN_FRAMEWORK_HEADER = YES;
				CLANG_WARN_RANGE_LOOP_ANALYSIS = YES;
				CLANG_WARN_STRICT_PROTOTYPES = YES;
				CLANG_WARN_SUSPICIOUS_MOVE = YES;
				CLANG_WARN_UNGUARDED_AVAILABILITY = YES_AGGRESSIVE;
				CLANG_WARN_UNREACHABLE_CODE = YES;
				CLANG_WARN__DUPLICATE_METHOD_MATCH = YES;
				COPY_PHASE_STRIP = NO;
				DEBUG_INFORMATION_FORMAT = "dwarf-with-dsym";
				ENABLE_NS_ASSERTIONS = NO;
				ENABLE_STRICT_OBJC_MSGSEND = YES;
				ENABLE_USER_SCRIPT_SANDBOXING = YES;
				GCC_C_LANGUAGE_STANDARD = gnu17;
				GCC_NO_COMMON_BLOCKS = YES;
				GCC_WARN_64_TO_32_BIT_CONVERSION = YES;
				GCC_WARN_ABOUT_RETURN_TYPE = YES_ERROR;
				GCC_WARN_UNDECLARED_SELECTOR = YES;
				GCC_WARN_UNINITIALIZED_AUTOS = YES_AGGRESSIVE;
				GCC_WARN_UNUSED_FUNCTION = YES;
				GCC_WARN_UNUSED_VARIABLE = YES;
				IPHONEOS_DEPLOYMENT_TARGET = 17.2;
				LOCALIZATION_PREFERS_STRING_CATALOGS = YES;
				MTL_ENABLE_DEBUG_INFO = NO;
				MTL_FAST_MATH = YES;
				SDKROOT = iphoneos;
				SWIFT_COMPILATION_MODE = wholemodule;
				VALIDATE_PRODUCT = YES;
			};
			name = Release;
		};
		304A510E2B7604C700C12186 /* Debug */ = {
			isa = XCBuildConfiguration;
			buildSettings = {
				ASSETCATALOG_COMPILER_APPICON_NAME = AppIcon;
				ASSETCATALOG_COMPILER_GLOBAL_ACCENT_COLOR_NAME = AccentColor;
				CODE_SIGN_STYLE = Automatic;
				CURRENT_PROJECT_VERSION = 1;
				GENERATE_INFOPLIST_FILE = YES;
				INFOPLIST_FILE = StudyPolygon/Info.plist;
				INFOPLIST_KEY_UIApplicationSupportsIndirectInputEvents = YES;
				INFOPLIST_KEY_UILaunchStoryboardName = LaunchScreen;
				INFOPLIST_KEY_UIMainStoryboardFile = Main;
				INFOPLIST_KEY_UISupportedInterfaceOrientations_iPad = "UIInterfaceOrientationPortrait UIInterfaceOrientationPortraitUpsideDown UIInterfaceOrientationLandscapeLeft UIInterfaceOrientationLandscapeRight";
				INFOPLIST_KEY_UISupportedInterfaceOrientations_iPhone = "UIInterfaceOrientationPortrait UIInterfaceOrientationLandscapeLeft UIInterfaceOrientationLandscapeRight";
				LD_RUNPATH_SEARCH_PATHS = (
					"$(inherited)",
					"@executable_path/Frameworks",
				);
				MARKETING_VERSION = 1.0;
				PRODUCT_BUNDLE_IDENTIFIER = iHromnik.StudyPolygon;
				PRODUCT_NAME = "$(TARGET_NAME)";
				SWIFT_EMIT_LOC_STRINGS = YES;
				SWIFT_VERSION = 5.0;
				TARGETED_DEVICE_FAMILY = "1,2";
			};
			name = Debug;
		};
		304A510F2B7604C700C12186 /* Release */ = {
			isa = XCBuildConfiguration;
			buildSettings = {
				ASSETCATALOG_COMPILER_APPICON_NAME = AppIcon;
				ASSETCATALOG_COMPILER_GLOBAL_ACCENT_COLOR_NAME = AccentColor;
				CODE_SIGN_STYLE = Automatic;
				CURRENT_PROJECT_VERSION = 1;
				GENERATE_INFOPLIST_FILE = YES;
				INFOPLIST_FILE = StudyPolygon/Info.plist;
				INFOPLIST_KEY_UIApplicationSupportsIndirectInputEvents = YES;
				INFOPLIST_KEY_UILaunchStoryboardName = LaunchScreen;
				INFOPLIST_KEY_UIMainStoryboardFile = Main;
				INFOPLIST_KEY_UISupportedInterfaceOrientations_iPad = "UIInterfaceOrientationPortrait UIInterfaceOrientationPortraitUpsideDown UIInterfaceOrientationLandscapeLeft UIInterfaceOrientationLandscapeRight";
				INFOPLIST_KEY_UISupportedInterfaceOrientations_iPhone = "UIInterfaceOrientationPortrait UIInterfaceOrientationLandscapeLeft UIInterfaceOrientationLandscapeRight";
				LD_RUNPATH_SEARCH_PATHS = (
					"$(inherited)",
					"@executable_path/Frameworks",
				);
				MARKETING_VERSION = 1.0;
				PRODUCT_BUNDLE_IDENTIFIER = iHromnik.StudyPolygon;
				PRODUCT_NAME = "$(TARGET_NAME)";
				SWIFT_EMIT_LOC_STRINGS = YES;
				SWIFT_VERSION = 5.0;
				TARGETED_DEVICE_FAMILY = "1,2";
			};
			name = Release;
		};
		304A51112B7604C700C12186 /* Debug */ = {
			isa = XCBuildConfiguration;
			buildSettings = {
				ALWAYS_EMBED_SWIFT_STANDARD_LIBRARIES = YES;
				BUNDLE_LOADER = "$(TEST_HOST)";
				CODE_SIGN_STYLE = Automatic;
				CURRENT_PROJECT_VERSION = 1;
				GENERATE_INFOPLIST_FILE = YES;
				IPHONEOS_DEPLOYMENT_TARGET = 17.2;
				MARKETING_VERSION = 1.0;
				PRODUCT_BUNDLE_IDENTIFIER = iHromnik.StudyPolygonTests;
				PRODUCT_NAME = "$(TARGET_NAME)";
				SWIFT_EMIT_LOC_STRINGS = NO;
				SWIFT_VERSION = 5.0;
				TARGETED_DEVICE_FAMILY = "1,2";
				TEST_HOST = "$(BUILT_PRODUCTS_DIR)/StudyPolygon.app/$(BUNDLE_EXECUTABLE_FOLDER_PATH)/StudyPolygon";
			};
			name = Debug;
		};
		304A51122B7604C700C12186 /* Release */ = {
			isa = XCBuildConfiguration;
			buildSettings = {
				ALWAYS_EMBED_SWIFT_STANDARD_LIBRARIES = YES;
				BUNDLE_LOADER = "$(TEST_HOST)";
				CODE_SIGN_STYLE = Automatic;
				CURRENT_PROJECT_VERSION = 1;
				GENERATE_INFOPLIST_FILE = YES;
				IPHONEOS_DEPLOYMENT_TARGET = 17.2;
				MARKETING_VERSION = 1.0;
				PRODUCT_BUNDLE_IDENTIFIER = iHromnik.StudyPolygonTests;
				PRODUCT_NAME = "$(TARGET_NAME)";
				SWIFT_EMIT_LOC_STRINGS = NO;
				SWIFT_VERSION = 5.0;
				TARGETED_DEVICE_FAMILY = "1,2";
				TEST_HOST = "$(BUILT_PRODUCTS_DIR)/StudyPolygon.app/$(BUNDLE_EXECUTABLE_FOLDER_PATH)/StudyPolygon";
			};
			name = Release;
		};
		304A51142B7604C700C12186 /* Debug */ = {
			isa = XCBuildConfiguration;
			buildSettings = {
				ALWAYS_EMBED_SWIFT_STANDARD_LIBRARIES = YES;
				CODE_SIGN_STYLE = Automatic;
				CURRENT_PROJECT_VERSION = 1;
				GENERATE_INFOPLIST_FILE = YES;
				MARKETING_VERSION = 1.0;
				PRODUCT_BUNDLE_IDENTIFIER = iHromnik.StudyPolygonUITests;
				PRODUCT_NAME = "$(TARGET_NAME)";
				SWIFT_EMIT_LOC_STRINGS = NO;
				SWIFT_VERSION = 5.0;
				TARGETED_DEVICE_FAMILY = "1,2";
				TEST_TARGET_NAME = StudyPolygon;
			};
			name = Debug;
		};
		304A51152B7604C700C12186 /* Release */ = {
			isa = XCBuildConfiguration;
			buildSettings = {
				ALWAYS_EMBED_SWIFT_STANDARD_LIBRARIES = YES;
				CODE_SIGN_STYLE = Automatic;
				CURRENT_PROJECT_VERSION = 1;
				GENERATE_INFOPLIST_FILE = YES;
				MARKETING_VERSION = 1.0;
				PRODUCT_BUNDLE_IDENTIFIER = iHromnik.StudyPolygonUITests;
				PRODUCT_NAME = "$(TARGET_NAME)";
				SWIFT_EMIT_LOC_STRINGS = NO;
				SWIFT_VERSION = 5.0;
				TARGETED_DEVICE_FAMILY = "1,2";
				TEST_TARGET_NAME = StudyPolygon;
			};
			name = Release;
		};
/* End XCBuildConfiguration section */

/* Begin XCConfigurationList section */
		304A50DB2B7604C400C12186 /* Build configuration list for PBXProject "StudyPolygon" */ = {
			isa = XCConfigurationList;
			buildConfigurations = (
				304A510B2B7604C700C12186 /* Debug */,
				304A510C2B7604C700C12186 /* Release */,
			);
			defaultConfigurationIsVisible = 0;
			defaultConfigurationName = Release;
		};
		304A510D2B7604C700C12186 /* Build configuration list for PBXNativeTarget "StudyPolygon" */ = {
			isa = XCConfigurationList;
			buildConfigurations = (
				304A510E2B7604C700C12186 /* Debug */,
				304A510F2B7604C700C12186 /* Release */,
			);
			defaultConfigurationIsVisible = 0;
			defaultConfigurationName = Release;
		};
		304A51102B7604C700C12186 /* Build configuration list for PBXNativeTarget "StudyPolygonTests" */ = {
			isa = XCConfigurationList;
			buildConfigurations = (
				304A51112B7604C700C12186 /* Debug */,
				304A51122B7604C700C12186 /* Release */,
			);
			defaultConfigurationIsVisible = 0;
			defaultConfigurationName = Release;
		};
		304A51132B7604C700C12186 /* Build configuration list for PBXNativeTarget "StudyPolygonUITests" */ = {
			isa = XCConfigurationList;
			buildConfigurations = (
				304A51142B7604C700C12186 /* Debug */,
				304A51152B7604C700C12186 /* Release */,
			);
			defaultConfigurationIsVisible = 0;
			defaultConfigurationName = Release;
		};
/* End XCConfigurationList section */

/* Begin XCVersionGroup section */
		304A50EC2B7604C400C12186 /* StudyPolygon.xcdatamodeld */ = {
			isa = XCVersionGroup;
			children = (
				304A50ED2B7604C400C12186 /* StudyPolygon.xcdatamodel */,
			);
			currentVersion = 304A50ED2B7604C400C12186 /* StudyPolygon.xcdatamodel */;
			path = StudyPolygon.xcdatamodeld;
			sourceTree = "<group>";
			versionGroupType = wrapper.xcdatamodel;
		};
/* End XCVersionGroup section */
	};
	rootObject = 304A50D82B7604C400C12186 /* Project object */;
}
